
Microsoft Visual Studio Solution File, Format Version 12.00
# Visual Studio Version 17
VisualStudioVersion = 17.13.35818.85 d17.13
MinimumVisualStudioVersion = 10.0.40219.1
Project("{8BC9CEB8-8B4A-11D0-8D11-00A0C91BC942}") = "Day05", "Day05.vcxproj", "{A78F89A7-5565-4239-8C3B-4CAA0B4A3DF2}"
EndProject
Global
	GlobalSection(SolutionConfigurationPlatforms) = preSolution
		Debug|x64 = Debug|x64
		Debug|x86 = Debug|x86
		Release|x64 = Release|x64
		Release|x86 = Release|x86
	EndGlobalSection
	GlobalSection(ProjectConfigurationPlatforms) = postSolution
		{A78F89A7-5565-4239-8C3B-4CAA0B4A3DF2}.Debug|x64.ActiveCfg = Debug|x64
		{A78F89A7-5565-4239-8C3B-4CAA0B4A3DF2}.Debug|x64.Build.0 = Debug|x64
		{A78F89A7-5565-4239-8C3B-4CAA0B4A3DF2}.Debug|x86.ActiveCfg = Debug|Win32
		{A78F89A7-5565-4239-8C3B-4CAA0B4A3DF2}.Debug|x86.Build.0 = Debug|Win32
		{A78F89A7-5565-4239-8C3B-4CAA0B4A3DF2}.Release|x64.ActiveCfg = Release|x64
		{A78F89A7-5565-4239-8C3B-4CAA0B4A3DF2}.Release|x64.Build.0 = Release|x64
		{A78F89A7-5565-4239-8C3B-4CAA0B4A3DF2}.Release|x86.ActiveCfg = Release|Win32
		{A78F89A7-5565-4239-8C3B-4CAA0B4A3DF2}.Release|x86.Build.0 = Release|Win32
	EndGlobalSection
	GlobalSection(SolutionProperties) = preSolution
		HideSolutionNode = FALSE
	EndGlobalSection
	GlobalSection(ExtensibilityGlobals) = postSolution
		SolutionGuid = {CA5B54D4-5ECF-464C-B77B-EBD16B2BF1BF}
	EndGlobalSection
EndGlobal
